
Microsoft Visual Studio Solution File, Format Version 12.00
# Visual Studio 15
VisualStudioVersion = 15.0.28010.2036
MinimumVisualStudioVersion = 10.0.40219.1
Project("{FAE04EC0-301F-11D3-BF4B-00C04F79EFBC}") = "CosmeticsShop.Web", "CosmeticsShop.Web\CosmeticsShop.Web.csproj", "{84C75FB1-B81B-404D-8761-E7A04008FF28}"
EndProject
Project("{FAE04EC0-301F-11D3-BF4B-00C04F79EFBC}") = "CosmeticsShop.DAL", "CosmeticsShop.DAL\CosmeticsShop.DAL.csproj", "{A6280E29-2813-4124-B7E3-F227F41801F7}"
EndProject
Project("{2150E333-8FDC-42A3-9474-1A3956D46DE8}") = "CosmeticsShop.Scripts", "CosmeticsShop.Scripts", "{3B32ECE8-CC37-4A30-AEFE-76A729ADA6A5}"
ProjectSection(SolutionItems) = preProject
	CosmeticsShop.Scripts\0.sql = CosmeticsShop.Scripts\0.sql
	CosmeticsShop.Scripts\1.sql = CosmeticsShop.Scripts\1.sql
	CosmeticsShop.Scripts\2.sql = CosmeticsShop.Scripts\2.sql
	CosmeticsShop.Scripts\3.sql = CosmeticsShop.Scripts\3.sql
EndProjectSection
EndProject
Global
	GlobalSection(SolutionConfigurationPlatforms) = preSolution
		Debug|Any CPU = Debug|Any CPU
		Release|Any CPU = Release|Any CPU
	EndGlobalSection
	GlobalSection(ProjectConfigurationPlatforms) = postSolution
		{84C75FB1-B81B-404D-8761-E7A04008FF28}.Debug|Any CPU.ActiveCfg = Debug|Any CPU
		{84C75FB1-B81B-404D-8761-E7A04008FF28}.Debug|Any CPU.Build.0 = Debug|Any CPU
		{84C75FB1-B81B-404D-8761-E7A04008FF28}.Release|Any CPU.ActiveCfg = Release|Any CPU
		{84C75FB1-B81B-404D-8761-E7A04008FF28}.Release|Any CPU.Build.0 = Release|Any CPU
		{A6280E29-2813-4124-B7E3-F227F41801F7}.Debug|Any CPU.ActiveCfg = Debug|Any CPU
		{A6280E29-2813-4124-B7E3-F227F41801F7}.Debug|Any CPU.Build.0 = Debug|Any CPU
		{A6280E29-2813-4124-B7E3-F227F41801F7}.Release|Any CPU.ActiveCfg = Release|Any CPU
		{A6280E29-2813-4124-B7E3-F227F41801F7}.Release|Any CPU.Build.0 = Release|Any CPU
	EndGlobalSection
	GlobalSection(SolutionProperties) = preSolution
		HideSolutionNode = FALSE
	EndGlobalSection
	GlobalSection(ExtensibilityGlobals) = postSolution
		SolutionGuid = {914986FE-5632-490A-8BFB-F0B2B1E9A2C0}
	EndGlobalSection
EndGlobal
