
Microsoft Visual Studio Solution File, Format Version 12.00
# Visual Studio Version 16
VisualStudioVersion = 16.0.29728.190
MinimumVisualStudioVersion = 10.0.40219.1
Project("{FAE04EC0-301F-11D3-BF4B-00C04F79EFBC}") = "FleaMarket.DAL", "FleaMarket.DAL\FleaMarket.DAL.csproj", "{028C04EA-0A75-4243-B278-CD13366C070C}"
EndProject
Project("{FAE04EC0-301F-11D3-BF4B-00C04F79EFBC}") = "FleaMarket.Web", "FleaMarket.Web\FleaMarket.Web.csproj", "{4EB1C293-82AD-4555-A7AD-9EC81EB28F7C}"
EndProject
Global
	GlobalSection(SolutionConfigurationPlatforms) = preSolution
		Debug|Any CPU = Debug|Any CPU
		Release|Any CPU = Release|Any CPU
	EndGlobalSection
	GlobalSection(ProjectConfigurationPlatforms) = postSolution
		{028C04EA-0A75-4243-B278-CD13366C070C}.Debug|Any CPU.ActiveCfg = Debug|Any CPU
		{028C04EA-0A75-4243-B278-CD13366C070C}.Debug|Any CPU.Build.0 = Debug|Any CPU
		{028C04EA-0A75-4243-B278-CD13366C070C}.Release|Any CPU.ActiveCfg = Release|Any CPU
		{028C04EA-0A75-4243-B278-CD13366C070C}.Release|Any CPU.Build.0 = Release|Any CPU
		{4EB1C293-82AD-4555-A7AD-9EC81EB28F7C}.Debug|Any CPU.ActiveCfg = Debug|Any CPU
		{4EB1C293-82AD-4555-A7AD-9EC81EB28F7C}.Debug|Any CPU.Build.0 = Debug|Any CPU
		{4EB1C293-82AD-4555-A7AD-9EC81EB28F7C}.Release|Any CPU.ActiveCfg = Release|Any CPU
		{4EB1C293-82AD-4555-A7AD-9EC81EB28F7C}.Release|Any CPU.Build.0 = Release|Any CPU
	EndGlobalSection
	GlobalSection(SolutionProperties) = preSolution
		HideSolutionNode = FALSE
	EndGlobalSection
	GlobalSection(ExtensibilityGlobals) = postSolution
		SolutionGuid = {914986FE-5632-490A-8BFB-F0B2B1E9A2C0}
	EndGlobalSection
EndGlobal
