
Microsoft Visual Studio Solution File, Format Version 12.00
# Visual Studio Version 16
VisualStudioVersion = 16.0.29728.190
MinimumVisualStudioVersion = 10.0.40219.1
Project("{9A19103F-16F7-4668-BE54-9A1E7A4F7556}") = "FurnitureShop.Web", "FurnitureShop.Web\FurnitureShop.Web.csproj", "{667C2863-FB30-4A96-9111-AC5AC00F95A7}"
EndProject
Project("{9A19103F-16F7-4668-BE54-9A1E7A4F7556}") = "FurnitureShop.DAL", "FurnitureShop.DAL\FurnitureShop.DAL.csproj", "{5FFE029B-935F-4118-AD83-BE5F399BFC81}"
EndProject
Global
	GlobalSection(SolutionConfigurationPlatforms) = preSolution
		Debug|Any CPU = Debug|Any CPU
		Release|Any CPU = Release|Any CPU
	EndGlobalSection
	GlobalSection(ProjectConfigurationPlatforms) = postSolution
		{667C2863-FB30-4A96-9111-AC5AC00F95A7}.Debug|Any CPU.ActiveCfg = Debug|Any CPU
		{667C2863-FB30-4A96-9111-AC5AC00F95A7}.Debug|Any CPU.Build.0 = Debug|Any CPU
		{667C2863-FB30-4A96-9111-AC5AC00F95A7}.Release|Any CPU.ActiveCfg = Release|Any CPU
		{667C2863-FB30-4A96-9111-AC5AC00F95A7}.Release|Any CPU.Build.0 = Release|Any CPU
		{5FFE029B-935F-4118-AD83-BE5F399BFC81}.Debug|Any CPU.ActiveCfg = Debug|Any CPU
		{5FFE029B-935F-4118-AD83-BE5F399BFC81}.Debug|Any CPU.Build.0 = Debug|Any CPU
		{5FFE029B-935F-4118-AD83-BE5F399BFC81}.Release|Any CPU.ActiveCfg = Release|Any CPU
		{5FFE029B-935F-4118-AD83-BE5F399BFC81}.Release|Any CPU.Build.0 = Release|Any CPU
	EndGlobalSection
	GlobalSection(SolutionProperties) = preSolution
		HideSolutionNode = FALSE
	EndGlobalSection
	GlobalSection(ExtensibilityGlobals) = postSolution
		SolutionGuid = {914986FE-5632-490A-8BFB-F0B2B1E9A2C0}
	EndGlobalSection
EndGlobal
